Microsoft Visual Studio Solution File, Format Version 12.00
# Visual Studio Version 17
VisualStudioVersion = 17.5.2.0
MinimumVisualStudioVersion = 10.0.40219.1
Project("{FAE04EC0-301F-11D3-BF4B-00C04F79EFBC}") = "projekt.net_IKS_zofia_stanislawska", "projekt.net_IKS_zofia_stanislawska.csproj", "{B95113C0-A030-79B3-288D-B4E9DD6AC5B1}"
EndProject
Global
	GlobalSection(SolutionConfigurationPlatforms) = preSolution
		Debug|Any CPU = Debug|Any CPU
		Release|Any CPU = Release|Any CPU
	EndGlobalSection
	GlobalSection(ProjectConfigurationPlatforms) = postSolution
		{B95113C0-A030-79B3-288D-B4E9DD6AC5B1}.Debug|Any CPU.ActiveCfg = Debug|Any CPU
		{B95113C0-A030-79B3-288D-B4E9DD6AC5B1}.Debug|Any CPU.Build.0 = Debug|Any CPU
		{B95113C0-A030-79B3-288D-B4E9DD6AC5B1}.Release|Any CPU.ActiveCfg = Release|Any CPU
		{B95113C0-A030-79B3-288D-B4E9DD6AC5B1}.Release|Any CPU.Build.0 = Release|Any CPU
	EndGlobalSection
	GlobalSection(SolutionProperties) = preSolution
		HideSolutionNode = FALSE
	EndGlobalSection
	GlobalSection(ExtensibilityGlobals) = postSolution
		SolutionGuid = {B99D0C0F-5ABD-4F82-861D-BA40614F6645}
	EndGlobalSection
EndGlobal
